
Microsoft Visual Studio Solution File, Format Version 12.00
# Visual Studio Version 17
VisualStudioVersion = 17.4.33205.214
MinimumVisualStudioVersion = 10.0.40219.1
Project("{FAE04EC0-301F-11D3-BF4B-00C04F79EFBC}") = "DapperWebAPI", "DapperWebAPI\DapperWebAPI.csproj", "{B712DDBE-AB86-4E2A-A8B0-9EE3F4238605}"
EndProject
Global
	GlobalSection(SolutionConfigurationPlatforms) = preSolution
		Debug|Any CPU = Debug|Any CPU
		Release|Any CPU = Release|Any CPU
	EndGlobalSection
	GlobalSection(ProjectConfigurationPlatforms) = postSolution
		{B712DDBE-AB86-4E2A-A8B0-9EE3F4238605}.Debug|Any CPU.ActiveCfg = Debug|Any CPU
		{B712DDBE-AB86-4E2A-A8B0-9EE3F4238605}.Debug|Any CPU.Build.0 = Debug|Any CPU
		{B712DDBE-AB86-4E2A-A8B0-9EE3F4238605}.Release|Any CPU.ActiveCfg = Release|Any CPU
		{B712DDBE-AB86-4E2A-A8B0-9EE3F4238605}.Release|Any CPU.Build.0 = Release|Any CPU
	EndGlobalSection
	GlobalSection(SolutionProperties) = preSolution
		HideSolutionNode = FALSE
	EndGlobalSection
	GlobalSection(ExtensibilityGlobals) = postSolution
		SolutionGuid = {08D868FD-F7C7-4A34-8387-2985F08091B1}
	EndGlobalSection
EndGlobal
